Microsoft Visual Studio Solution File, Format Version 11.00
# Visual Studio 2008

Project("{5910468E-7B21-F22C-F423-182FE8A46836}") = "Number Wizard Project", "Assembly-CSharp-vs.csproj", "{CF7D788E-F643-B77E-61A9-E4BEE1A120AF}"
EndProject
Global
	GlobalSection(SolutionConfigurationPlatforms) = preSolution
		Debug|Any CPU = Debug|Any CPU
		Release|Any CPU = Release|Any CPU
	EndGlobalSection
	GlobalSection(ProjectConfigurationPlatforms) = postSolution
		{CF7D788E-F643-B77E-61A9-E4BEE1A120AF}.Debug|Any CPU.ActiveCfg = Debug|Any CPU
		{CF7D788E-F643-B77E-61A9-E4BEE1A120AF}.Debug|Any CPU.Build.0 = Debug|Any CPU
		{CF7D788E-F643-B77E-61A9-E4BEE1A120AF}.Release|Any CPU.ActiveCfg = Release|Any CPU
		{CF7D788E-F643-B77E-61A9-E4BEE1A120AF}.Release|Any CPU.Build.0 = Release|Any CPU
	EndGlobalSection
	GlobalSection(SolutionProperties) = preSolution
		HideSolutionNode = FALSE
	EndGlobalSection
<<<<<<< HEAD
																				GlobalSection(MonoDevelopProperties) = preSolution
=======
																	GlobalSection(MonoDevelopProperties) = preSolution
>>>>>>> origin/master
		StartupItem = Assembly-CSharp.csproj
		Policies = $0
		$0.TextStylePolicy = $1
		$1.inheritsSet = null
		$1.scope = text/x-csharp
		$0.CSharpFormattingPolicy = $2
		$2.inheritsSet = Mono
		$2.inheritsScope = text/x-csharp
		$2.scope = text/x-csharp
		$0.TextStylePolicy = $3
		$3.FileWidth = 120
		$3.TabWidth = 4
		$3.IndentWidth = 4
		$3.EolMarker = Unix
		$3.inheritsSet = Mono
		$3.inheritsScope = text/plain
		$3.scope = text/plain
	EndGlobalSection

EndGlobal
